// !$*UTF8*$!
{
	archiveVersion = 1;
	classes = {
	};
	objectVersion = 50;
	objects = {

/* Begin PBXBuildFile section */
		9351ED0E21395FF7006CEDAC /* AddInvoiceViewController.swift in Sources */ = {isa = PBXBuildFile; fileRef = 9351ED0D21395FF7006CEDAC /* AddInvoiceViewController.swift */; };
		9351ED102139689E006CEDAC /* InvoiceCoordinator.swift in Sources */ = {isa = PBXBuildFile; fileRef = 9351ED0F2139689E006CEDAC /* InvoiceCoordinator.swift */; };
		9380B6692147AB3900C39838 /* PDFGenerator.swift in Sources */ = {isa = PBXBuildFile; fileRef = 9380B6682147AB3900C39838 /* PDFGenerator.swift */; };
		9380B66C2147EFE400C39838 /* AddClientTableViewCell.swift in Sources */ = {isa = PBXBuildFile; fileRef = 9380B66B2147EFE400C39838 /* AddClientTableViewCell.swift */; };
		9380B66F2148F50600C39838 /* CoreDataManager.swift in Sources */ = {isa = PBXBuildFile; fileRef = 9380B66E2148F50600C39838 /* CoreDataManager.swift */; };
		9380B6932148F5DF00C39838 /* Invoice.xcdatamodeld in Sources */ = {isa = PBXBuildFile; fileRef = 9380B6912148F5DF00C39838 /* Invoice.xcdatamodeld */; };
		9380B6952148F6AE00C39838 /* Client.swift in Sources */ = {isa = PBXBuildFile; fileRef = 9380B6942148F6AE00C39838 /* Client.swift */; };
		9380B697214937E900C39838 /* Invoice.swift in Sources */ = {isa = PBXBuildFile; fileRef = 9380B696214937E900C39838 /* Invoice.swift */; };
		93B687A02130312300591C4E /* AppDelegate.swift in Sources */ = {isa = PBXBuildFile; fileRef = 93B6879F2130312300591C4E /* AppDelegate.swift */; };
		93B687A52130312300591C4E /* Invoice.storyboard in Resources */ = {isa = PBXBuildFile; fileRef = 93B687A32130312300591C4E /* Invoice.storyboard */; };
		93B687A72130312400591C4E /* Assets.xcassets in Resources */ = {isa = PBXBuildFile; fileRef = 93B687A62130312400591C4E /* Assets.xcassets */; };
		93B687AA2130312400591C4E /* LaunchScreen.storyboard in Resources */ = {isa = PBXBuildFile; fileRef = 93B687A82130312400591C4E /* LaunchScreen.storyboard */; };
		93B687B6213033A400591C4E /* AppCoordinator.swift in Sources */ = {isa = PBXBuildFile; fileRef = 93B687B3213033A400591C4E /* AppCoordinator.swift */; };
		93B687B7213033A400591C4E /* Coordinator.swift in Sources */ = {isa = PBXBuildFile; fileRef = 93B687B4213033A400591C4E /* Coordinator.swift */; };
		93B687B92130343300591C4E /* DependencyManager.swift in Sources */ = {isa = PBXBuildFile; fileRef = 93B687B82130343300591C4E /* DependencyManager.swift */; };
		93B687BB2130350200591C4E /* Colors.xcassets in Resources */ = {isa = PBXBuildFile; fileRef = 93B687BA2130350200591C4E /* Colors.xcassets */; };
		93B687BD213036B900591C4E /* ClientCoordinator.swift in Sources */ = {isa = PBXBuildFile; fileRef = 93B687BC213036B900591C4E /* ClientCoordinator.swift */; };
		93B687BF213038D200591C4E /* ClientListViewController.swift in Sources */ = {isa = PBXBuildFile; fileRef = 93B687BE213038D200591C4E /* ClientListViewController.swift */; };
		93B687C321303BA100591C4E /* ClientTableViewCell.swift in Sources */ = {isa = PBXBuildFile; fileRef = 93B687C221303BA100591C4E /* ClientTableViewCell.swift */; };
		93B687C521303C1B00591C4E /* Company.swift in Sources */ = {isa = PBXBuildFile; fileRef = 93B687C421303C1B00591C4E /* Company.swift */; };
		93B687C721303ECA00591C4E /* UIStoryboard+Extension.swift in Sources */ = {isa = PBXBuildFile; fileRef = 93B687C621303ECA00591C4E /* UIStoryboard+Extension.swift */; };
		93B687C92130419A00591C4E /* InvoiceViewController.swift in Sources */ = {isa = PBXBuildFile; fileRef = 93B687C82130419A00591C4E /* InvoiceViewController.swift */; };
		93B687CB213042FD00591C4E /* InvoiceListViewController.swift in Sources */ = {isa = PBXBuildFile; fileRef = 93B687CA213042FD00591C4E /* InvoiceListViewController.swift */; };
		93B687CD213044F400591C4E /* InvoiceTableViewCell.swift in Sources */ = {isa = PBXBuildFile; fileRef = 93B687CC213044F400591C4E /* InvoiceTableViewCell.swift */; };
		93B687CF2130455700591C4E /* InvoiceModel.swift in Sources */ = {isa = PBXBuildFile; fileRef = 93B687CE2130455700591C4E /* InvoiceModel.swift */; };
		93B687D0213048F200591C4E /* PTSans-Bold.ttf in Resources */ = {isa = PBXBuildFile; fileRef = 93B687C02130399100591C4E /* PTSans-Bold.ttf */; };
		93B687D1213048F400591C4E /* PTSans-Regular.ttf in Resources */ = {isa = PBXBuildFile; fileRef = 93B687C12130399100591C4E /* PTSans-Regular.ttf */; };
		93B687D52130536800591C4E /* AddClientViewController.swift in Sources */ = {isa = PBXBuildFile; fileRef = 93B687D42130536800591C4E /* AddClientViewController.swift */; };
/* End PBXBuildFile section */

/* Begin PBXFileReference section */
		9351ED0D21395FF7006CEDAC /* AddInvoiceViewController.swift */ = {isa = PBXFileReference; lastKnownFileType = sourcecode.swift; path = AddInvoiceViewController.swift; sourceTree = "<group>"; };
		9351ED0F2139689E006CEDAC /* InvoiceCoordinator.swift */ = {isa = PBXFileReference; lastKnownFileType = sourcecode.swift; path = InvoiceCoordinator.swift; sourceTree = "<group>"; };
		9380B6682147AB3900C39838 /* PDFGenerator.swift */ = {isa = PBXFileReference; lastKnownFileType = sourcecode.swift; path = PDFGenerator.swift; sourceTree = "<group>"; };
		9380B66B2147EFE400C39838 /* AddClientTableViewCell.swift */ = {isa = PBXFileReference; lastKnownFileType = sourcecode.swift; path = AddClientTableViewCell.swift; sourceTree = "<group>"; };
		9380B66E2148F50600C39838 /* CoreDataManager.swift */ = {isa = PBXFileReference; lastKnownFileType = sourcecode.swift; path = CoreDataManager.swift; sourceTree = "<group>"; };
		9380B6922148F5DF00C39838 /* Invoice.xcdatamodel */ = {isa = PBXFileReference; lastKnownFileType = wrapper.xcdatamodel; path = Invoice.xcdatamodel; sourceTree = "<group>"; };
		9380B6942148F6AE00C39838 /* Client.swift */ = {isa = PBXFileReference; lastKnownFileType = sourcecode.swift; path = Client.swift; sourceTree = "<group>"; };
		9380B696214937E900C39838 /* Invoice.swift */ = {isa = PBXFileReference; lastKnownFileType = sourcecode.swift; path = Invoice.swift; sourceTree = "<group>"; };
		93B6879C2130312300591C4E /* Racunko.app */ = {isa = PBXFileReference; explicitFileType = wrapper.application; includeInIndex = 0; path = Racunko.app; sourceTree = BUILT_PRODUCTS_DIR; };
		93B6879F2130312300591C4E /* AppDelegate.swift */ = {isa = PBXFileReference; lastKnownFileType = sourcecode.swift; path = AppDelegate.swift; sourceTree = "<group>"; };
		93B687A42130312300591C4E /* Base */ = {isa = PBXFileReference; lastKnownFileType = file.storyboard; name = Base; path = Base.lproj/Invoice.storyboard; sourceTree = "<group>"; };
		93B687A62130312400591C4E /* Assets.xcassets */ = {isa = PBXFileReference; lastKnownFileType = folder.assetcatalog; path = Assets.xcassets; sourceTree = "<group>"; };
		93B687A92130312400591C4E /* Base */ = {isa = PBXFileReference; lastKnownFileType = file.storyboard; name = Base; path = Base.lproj/LaunchScreen.storyboard; sourceTree = "<group>"; };
		93B687AB2130312400591C4E /* Info.plist */ = {isa = PBXFileReference; lastKnownFileType = text.plist.xml; path = Info.plist; sourceTree = "<group>"; };
		93B687B3213033A400591C4E /* AppCoordinator.swift */ = {isa = PBXFileReference; fileEncoding = 4; lastKnownFileType = sourcecode.swift; path = AppCoordinator.swift; sourceTree = "<group>"; };
		93B687B4213033A400591C4E /* Coordinator.swift */ = {isa = PBXFileReference; fileEncoding = 4; lastKnownFileType = sourcecode.swift; path = Coordinator.swift; sourceTree = "<group>"; };
		93B687B82130343300591C4E /* DependencyManager.swift */ = {isa = PBXFileReference; lastKnownFileType = sourcecode.swift; path = DependencyManager.swift; sourceTree = "<group>"; };
		93B687BA2130350200591C4E /* Colors.xcassets */ = {isa = PBXFileReference; lastKnownFileType = folder.assetcatalog; path = Colors.xcassets; sourceTree = "<group>"; };
		93B687BC213036B900591C4E /* ClientCoordinator.swift */ = {isa = PBXFileReference; lastKnownFileType = sourcecode.swift; path = ClientCoordinator.swift; sourceTree = "<group>"; };
		93B687BE213038D200591C4E /* ClientListViewController.swift */ = {isa = PBXFileReference; lastKnownFileType = sourcecode.swift; path = ClientListViewController.swift; sourceTree = "<group>"; };
		93B687C02130399100591C4E /* PTSans-Bold.ttf */ = {isa = PBXFileReference; lastKnownFileType = file; path = "PTSans-Bold.ttf"; sourceTree = "<group>"; };
		93B687C12130399100591C4E /* PTSans-Regular.ttf */ = {isa = PBXFileReference; lastKnownFileType = file; path = "PTSans-Regular.ttf"; sourceTree = "<group>"; };
		93B687C221303BA100591C4E /* ClientTableViewCell.swift */ = {isa = PBXFileReference; lastKnownFileType = sourcecode.swift; path = ClientTableViewCell.swift; sourceTree = "<group>"; };
		93B687C421303C1B00591C4E /* Company.swift */ = {isa = PBXFileReference; lastKnownFileType = sourcecode.swift; path = Company.swift; sourceTree = "<group>"; };
		93B687C621303ECA00591C4E /* UIStoryboard+Extension.swift */ = {isa = PBXFileReference; fileEncoding = 4; lastKnownFileType = sourcecode.swift; path = "UIStoryboard+Extension.swift"; sourceTree = "<group>"; };
		93B687C82130419A00591C4E /* InvoiceViewController.swift */ = {isa = PBXFileReference; lastKnownFileType = sourcecode.swift; path = InvoiceViewController.swift; sourceTree = "<group>"; };
		93B687CA213042FD00591C4E /* InvoiceListViewController.swift */ = {isa = PBXFileReference; lastKnownFileType = sourcecode.swift; path = InvoiceListViewController.swift; sourceTree = "<group>"; };
		93B687CC213044F400591C4E /* InvoiceTableViewCell.swift */ = {isa = PBXFileReference; lastKnownFileType = sourcecode.swift; path = InvoiceTableViewCell.swift; sourceTree = "<group>"; };
		93B687CE2130455700591C4E /* InvoiceModel.swift */ = {isa = PBXFileReference; lastKnownFileType = sourcecode.swift; path = InvoiceModel.swift; sourceTree = "<group>"; };
		93B687D42130536800591C4E /* AddClientViewController.swift */ = {isa = PBXFileReference; lastKnownFileType = sourcecode.swift; path = AddClientViewController.swift; sourceTree = "<group>"; };
/* End PBXFileReference section */

/* Begin PBXFrameworksBuildPhase section */
		93B687992130312300591C4E /* Frameworks */ = {
			isa = PBXFrameworksBuildPhase;
			buildActionMask = 2147483647;
			files = (
			);
			runOnlyForDeploymentPostprocessing = 0;
		};
/* End PBXFrameworksBuildPhase section */

/* Begin PBXGroup section */
		9351ED0B21395FBA006CEDAC /* Client */ = {
			isa = PBXGroup;
			children = (
				93B687BC213036B900591C4E /* ClientCoordinator.swift */,
				93B687BE213038D200591C4E /* ClientListViewController.swift */,
				93B687C221303BA100591C4E /* ClientTableViewCell.swift */,
				93B687D42130536800591C4E /* AddClientViewController.swift */,
				9380B66B2147EFE400C39838 /* AddClientTableViewCell.swift */,
			);
			path = Client;
			sourceTree = "<group>";
		};
		9351ED0C21395FCB006CEDAC /* Invoice */ = {
			isa = PBXGroup;
			children = (
				93B687A32130312300591C4E /* Invoice.storyboard */,
				93B687C82130419A00591C4E /* InvoiceViewController.swift */,
				93B687CA213042FD00591C4E /* InvoiceListViewController.swift */,
				93B687CC213044F400591C4E /* InvoiceTableViewCell.swift */,
				93B687CE2130455700591C4E /* InvoiceModel.swift */,
				9351ED0D21395FF7006CEDAC /* AddInvoiceViewController.swift */,
				9351ED0F2139689E006CEDAC /* InvoiceCoordinator.swift */,
				9380B66A2147AB4000C39838 /* PDF generator */,
			);
			path = Invoice;
			sourceTree = "<group>";
		};
		9380B66A2147AB4000C39838 /* PDF generator */ = {
			isa = PBXGroup;
			children = (
				9380B6682147AB3900C39838 /* PDFGenerator.swift */,
			);
			path = "PDF generator";
			sourceTree = "<group>";
		};
		9380B66D2148F4ED00C39838 /* Core Data */ = {
			isa = PBXGroup;
			children = (
				9380B66E2148F50600C39838 /* CoreDataManager.swift */,
				9380B6912148F5DF00C39838 /* Invoice.xcdatamodeld */,
				9380B6982149384900C39838 /* Models */,
			);
			path = "Core Data";
			sourceTree = "<group>";
		};
		9380B6982149384900C39838 /* Models */ = {
			isa = PBXGroup;
			children = (
				9380B6942148F6AE00C39838 /* Client.swift */,
				9380B696214937E900C39838 /* Invoice.swift */,
			);
			path = Models;
			sourceTree = "<group>";
		};
		93B687932130312300591C4E = {
			isa = PBXGroup;
			children = (
				93B6879E2130312300591C4E /* Racunko */,
				93B6879D2130312300591C4E /* Products */,
			);
			sourceTree = "<group>";
		};
		93B6879D2130312300591C4E /* Products */ = {
			isa = PBXGroup;
			children = (
				93B6879C2130312300591C4E /* Racunko.app */,
			);
			name = Products;
			sourceTree = "<group>";
		};
		93B6879E2130312300591C4E /* Racunko */ = {
			isa = PBXGroup;
			children = (
				93B6879F2130312300591C4E /* AppDelegate.swift */,
				93B687B3213033A400591C4E /* AppCoordinator.swift */,
				93B687B4213033A400591C4E /* Coordinator.swift */,
				93B687B82130343300591C4E /* DependencyManager.swift */,
				93B687C421303C1B00591C4E /* Company.swift */,
				93B687C621303ECA00591C4E /* UIStoryboard+Extension.swift */,
				9380B66D2148F4ED00C39838 /* Core Data */,
				9351ED0B21395FBA006CEDAC /* Client */,
				9351ED0C21395FCB006CEDAC /* Invoice */,
				93B687B12130336200591C4E /* Supporting Files */,
			);
			path = Racunko;
			sourceTree = "<group>";
		};
		93B687B12130336200591C4E /* Supporting Files */ = {
			isa = PBXGroup;
			children = (
				93B687A62130312400591C4E /* Assets.xcassets */,
				93B687BA2130350200591C4E /* Colors.xcassets */,
				93B687C02130399100591C4E /* PTSans-Bold.ttf */,
				93B687C12130399100591C4E /* PTSans-Regular.ttf */,
				93B687A82130312400591C4E /* LaunchScreen.storyboard */,
				93B687AB2130312400591C4E /* Info.plist */,
			);
			path = "Supporting Files";
			sourceTree = "<group>";
		};
/* End PBXGroup section */

/* Begin PBXNativeTarget section */
		93B6879B2130312300591C4E /* Racunko */ = {
			isa = PBXNativeTarget;
			buildConfigurationList = 93B687AE2130312400591C4E /* Build configuration list for PBXNativeTarget "Racunko" */;
			buildPhases = (
				93B687982130312300591C4E /* Sources */,
				93B687992130312300591C4E /* Frameworks */,
				93B6879A2130312300591C4E /* Resources */,
			);
			buildRules = (
			);
			dependencies = (
			);
			name = Racunko;
			productName = Racunko;
			productReference = 93B6879C2130312300591C4E /* Racunko.app */;
			productType = "com.apple.product-type.application";
		};
/* End PBXNativeTarget section */

/* Begin PBXProject section */
		93B687942130312300591C4E /* Project object */ = {
			isa = PBXProject;
			attributes = {
				LastSwiftUpdateCheck = 0940;
				LastUpgradeCheck = 0940;
				ORGANIZATIONNAME = Nikola;
				TargetAttributes = {
					93B6879B2130312300591C4E = {
						CreatedOnToolsVersion = 9.4.1;
					};
				};
			};
			buildConfigurationList = 93B687972130312300591C4E /* Build configuration list for PBXProject "Racunko" */;
			compatibilityVersion = "Xcode 9.3";
			developmentRegion = en;
			hasScannedForEncodings = 0;
			knownRegions = (
				en,
				Base,
			);
			mainGroup = 93B687932130312300591C4E;
			productRefGroup = 93B6879D2130312300591C4E /* Products */;
			projectDirPath = "";
			projectRoot = "";
			targets = (
				93B6879B2130312300591C4E /* Racunko */,
			);
		};
/* End PBXProject section */

/* Begin PBXResourcesBuildPhase section */
		93B6879A2130312300591C4E /* Resources */ = {
			isa = PBXResourcesBuildPhase;
			buildActionMask = 2147483647;
			files = (
				93B687D1213048F400591C4E /* PTSans-Regular.ttf in Resources */,
				93B687AA2130312400591C4E /* LaunchScreen.storyboard in Resources */,
				93B687D0213048F200591C4E /* PTSans-Bold.ttf in Resources */,
				93B687BB2130350200591C4E /* Colors.xcassets in Resources */,
				93B687A72130312400591C4E /* Assets.xcassets in Resources */,
				93B687A52130312300591C4E /* Invoice.storyboard in Resources */,
			);
			runOnlyForDeploymentPostprocessing = 0;
		};
/* End PBXResourcesBuildPhase section */

/* Begin PBXSourcesBuildPhase section */
		93B687982130312300591C4E /* Sources */ = {
			isa = PBXSourcesBuildPhase;
			buildActionMask = 2147483647;
			files = (
				9380B6692147AB3900C39838 /* PDFGenerator.swift in Sources */,
				93B687B92130343300591C4E /* DependencyManager.swift in Sources */,
				93B687D52130536800591C4E /* AddClientViewController.swift in Sources */,
				9380B66F2148F50600C39838 /* CoreDataManager.swift in Sources */,
				93B687B7213033A400591C4E /* Coordinator.swift in Sources */,
				9380B6932148F5DF00C39838 /* Invoice.xcdatamodeld in Sources */,
				93B687B6213033A400591C4E /* AppCoordinator.swift in Sources */,
				9351ED102139689E006CEDAC /* InvoiceCoordinator.swift in Sources */,
				9380B6952148F6AE00C39838 /* Client.swift in Sources */,
				9351ED0E21395FF7006CEDAC /* AddInvoiceViewController.swift in Sources */,
				93B687C321303BA100591C4E /* ClientTableViewCell.swift in Sources */,
				93B687BF213038D200591C4E /* ClientListViewController.swift in Sources */,
				93B687A02130312300591C4E /* AppDelegate.swift in Sources */,
				93B687CF2130455700591C4E /* InvoiceModel.swift in Sources */,
				93B687BD213036B900591C4E /* ClientCoordinator.swift in Sources */,
				93B687CB213042FD00591C4E /* InvoiceListViewController.swift in Sources */,
				93B687C521303C1B00591C4E /* Company.swift in Sources */,
				9380B66C2147EFE400C39838 /* AddClientTableViewCell.swift in Sources */,
				93B687CD213044F400591C4E /* InvoiceTableViewCell.swift in Sources */,
				93B687C92130419A00591C4E /* InvoiceViewController.swift in Sources */,
				93B687C721303ECA00591C4E /* UIStoryboard+Extension.swift in Sources */,
				9380B697214937E900C39838 /* Invoice.swift in Sources */,
			);
			runOnlyForDeploymentPostprocessing = 0;
		};
/* End PBXSourcesBuildPhase section */

/* Begin PBXVariantGroup section */
		93B687A32130312300591C4E /* Invoice.storyboard */ = {
			isa = PBXVariantGroup;
			children = (
				93B687A42130312300591C4E /* Base */,
			);
			name = Invoice.storyboard;
			sourceTree = "<group>";
		};
		93B687A82130312400591C4E /* LaunchScreen.storyboard */ = {
			isa = PBXVariantGroup;
			children = (
				93B687A92130312400591C4E /* Base */,
			);
			name = LaunchScreen.storyboard;
			sourceTree = "<group>";
		};
/* End PBXVariantGroup section */

/* Begin XCBuildConfiguration section */
		93B687AC2130312400591C4E /* Debug */ = {
			isa = XCBuildConfiguration;
			buildSettings = {
				ALWAYS_SEARCH_USER_PATHS = NO;
				CLANG_ANALYZER_NONNULL = YES;
				CLANG_ANALYZER_NUMBER_OBJECT_CONVERSION = YES_AGGRESSIVE;
				CLANG_CXX_LANGUAGE_STANDARD = "gnu++14";
				CLANG_CXX_LIBRARY = "libc++";
				CLANG_ENABLE_MODULES = YES;
				CLANG_ENABLE_OBJC_ARC = YES;
				CLANG_ENABLE_OBJC_WEAK = YES;
				CLANG_WARN_BLOCK_CAPTURE_AUTORELEASING = YES;
				CLANG_WARN_BOOL_CONVERSION = YES;
				CLANG_WARN_COMMA = YES;
				CLANG_WARN_CONSTANT_CONVERSION = YES;
				CLANG_WARN_DEPRECATED_OBJC_IMPLEMENTATIONS = YES;
				CLANG_WARN_DIRECT_OBJC_ISA_USAGE = YES_ERROR;
				CLANG_WARN_DOCUMENTATION_COMMENTS = YES;
				CLANG_WARN_EMPTY_BODY = YES;
				CLANG_WARN_ENUM_CONVERSION = YES;
				CLANG_WARN_INFINITE_RECURSION = YES;
				CLANG_WARN_INT_CONVERSION = YES;
				CLANG_WARN_NON_LITERAL_NULL_CONVERSION = YES;
				CLANG_WARN_OBJC_IMPLICIT_RETAIN_SELF = YES;
				CLANG_WARN_OBJC_LITERAL_CONVERSION = YES;
				CLANG_WARN_OBJC_ROOT_CLASS = YES_ERROR;
				CLANG_WARN_RANGE_LOOP_ANALYSIS = YES;
				CLANG_WARN_STRICT_PROTOTYPES = YES;
				CLANG_WARN_SUSPICIOUS_MOVE = YES;
				CLANG_WARN_UNGUARDED_AVAILABILITY = YES_AGGRESSIVE;
				CLANG_WARN_UNREACHABLE_CODE = YES;
				CLANG_WARN__DUPLICATE_METHOD_MATCH = YES;
				CODE_SIGN_IDENTITY = "iPhone Developer";
				COPY_PHASE_STRIP = NO;
				DEBUG_INFORMATION_FORMAT = dwarf;
				ENABLE_STRICT_OBJC_MSGSEND = YES;
				ENABLE_TESTABILITY = YES;
				GCC_C_LANGUAGE_STANDARD = gnu11;
				GCC_DYNAMIC_NO_PIC = NO;
				GCC_NO_COMMON_BLOCKS = YES;
				GCC_OPTIMIZATION_LEVEL = 0;
				GCC_PREPROCESSOR_DEFINITIONS = (
					"DEBUG=1",
					"$(inherited)",
				);
				GCC_WARN_64_TO_32_BIT_CONVERSION = YES;
				GCC_WARN_ABOUT_RETURN_TYPE = YES_ERROR;
				GCC_WARN_UNDECLARED_SELECTOR = YES;
				GCC_WARN_UNINITIALIZED_AUTOS = YES_AGGRESSIVE;
				GCC_WARN_UNUSED_FUNCTION = YES;
				GCC_WARN_UNUSED_VARIABLE = YES;
				IPHONEOS_DEPLOYMENT_TARGET = 11.4;
				MTL_ENABLE_DEBUG_INFO = YES;
				ONLY_ACTIVE_ARCH = YES;
				SDKROOT = iphoneos;
				SWIFT_ACTIVE_COMPILATION_CONDITIONS = DEBUG;
				SWIFT_OPTIMIZATION_LEVEL = "-Onone";
			};
			name = Debug;
		};
		93B687AD2130312400591C4E /* Release */ = {
			isa = XCBuildConfiguration;
			buildSettings = {
				ALWAYS_SEARCH_USER_PATHS = NO;
				CLANG_ANALYZER_NONNULL = YES;
				CLANG_ANALYZER_NUMBER_OBJECT_CONVERSION = YES_AGGRESSIVE;
				CLANG_CXX_LANGUAGE_STANDARD = "gnu++14";
				CLANG_CXX_LIBRARY = "libc++";
				CLANG_ENABLE_MODULES = YES;
				CLANG_ENABLE_OBJC_ARC = YES;
				CLANG_ENABLE_OBJC_WEAK = YES;
				CLANG_WARN_BLOCK_CAPTURE_AUTORELEASING = YES;
				CLANG_WARN_BOOL_CONVERSION = YES;
				CLANG_WARN_COMMA = YES;
				CLANG_WARN_CONSTANT_CONVERSION = YES;
				CLANG_WARN_DEPRECATED_OBJC_IMPLEMENTATIONS = YES;
				CLANG_WARN_DIRECT_OBJC_ISA_USAGE = YES_ERROR;
				CLANG_WARN_DOCUMENTATION_COMMENTS = YES;
				CLANG_WARN_EMPTY_BODY = YES;
				CLANG_WARN_ENUM_CONVERSION = YES;
				CLANG_WARN_INFINITE_RECURSION = YES;
				CLANG_WARN_INT_CONVERSION = YES;
				CLANG_WARN_NON_LITERAL_NULL_CONVERSION = YES;
				CLANG_WARN_OBJC_IMPLICIT_RETAIN_SELF = YES;
				CLANG_WARN_OBJC_LITERAL_CONVERSION = YES;
				CLANG_WARN_OBJC_ROOT_CLASS = YES_ERROR;
				CLANG_WARN_RANGE_LOOP_ANALYSIS = YES;
				CLANG_WARN_STRICT_PROTOTYPES = YES;
				CLANG_WARN_SUSPICIOUS_MOVE = YES;
				CLANG_WARN_UNGUARDED_AVAILABILITY = YES_AGGRESSIVE;
				CLANG_WARN_UNREACHABLE_CODE = YES;
				CLANG_WARN__DUPLICATE_METHOD_MATCH = YES;
				CODE_SIGN_IDENTITY = "iPhone Developer";
				COPY_PHASE_STRIP = NO;
				DEBUG_INFORMATION_FORMAT = "dwarf-with-dsym";
				ENABLE_NS_ASSERTIONS = NO;
				ENABLE_STRICT_OBJC_MSGSEND = YES;
				GCC_C_LANGUAGE_STANDARD = gnu11;
				GCC_NO_COMMON_BLOCKS = YES;
				GCC_WARN_64_TO_32_BIT_CONVERSION = YES;
				GCC_WARN_ABOUT_RETURN_TYPE = YES_ERROR;
				GCC_WARN_UNDECLARED_SELECTOR = YES;
				GCC_WARN_UNINITIALIZED_AUTOS = YES_AGGRESSIVE;
				GCC_WARN_UNUSED_FUNCTION = YES;
				GCC_WARN_UNUSED_VARIABLE = YES;
				IPHONEOS_DEPLOYMENT_TARGET = 11.4;
				MTL_ENABLE_DEBUG_INFO = NO;
				SDKROOT = iphoneos;
				SWIFT_COMPILATION_MODE = wholemodule;
				SWIFT_OPTIMIZATION_LEVEL = "-O";
				VALIDATE_PRODUCT = YES;
			};
			name = Release;
		};
		93B687AF2130312400591C4E /* Debug */ = {
			isa = XCBuildConfiguration;
			buildSettings = {
				ASSETCATALOG_COMPILER_APPICON_NAME = AppIcon;
				CODE_SIGN_STYLE = Automatic;
				DEVELOPMENT_TEAM = LG45P8D7VF;
				INFOPLIST_FILE = "$(SRCROOT)/Racunko/Supporting Files/Info.plist";
				LD_RUNPATH_SEARCH_PATHS = (
					"$(inherited)",
					"@executable_path/Frameworks",
				);
				PRODUCT_BUNDLE_IDENTIFIER = com.ingemark.test.Racunko;
				PRODUCT_NAME = "$(TARGET_NAME)";
				SWIFT_VERSION = 4.0;
				TARGETED_DEVICE_FAMILY = 2;
			};
			name = Debug;
		};
		93B687B02130312400591C4E /* Release */ = {
			isa = XCBuildConfiguration;
			buildSettings = {
				ASSETCATALOG_COMPILER_APPICON_NAME = AppIcon;
				CODE_SIGN_STYLE = Automatic;
				DEVELOPMENT_TEAM = LG45P8D7VF;
				INFOPLIST_FILE = "$(SRCROOT)/Racunko/Supporting Files/Info.plist";
				LD_RUNPATH_SEARCH_PATHS = (
					"$(inherited)",
					"@executable_path/Frameworks",
				);
				PRODUCT_BUNDLE_IDENTIFIER = com.ingemark.test.Racunko;
				PRODUCT_NAME = "$(TARGET_NAME)";
				SWIFT_VERSION = 4.0;
				TARGETED_DEVICE_FAMILY = 2;
			};
			name = Release;
		};
/* End XCBuildConfiguration section */

/* Begin XCConfigurationList section */
		93B687972130312300591C4E /* Build configuration list for PBXProject "Racunko" */ = {
			isa = XCConfigurationList;
			buildConfigurations = (
				93B687AC2130312400591C4E /* Debug */,
				93B687AD2130312400591C4E /* Release */,
			);
			defaultConfigurationIsVisible = 0;
			defaultConfigurationName = Release;
		};
		93B687AE2130312400591C4E /* Build configuration list for PBXNativeTarget "Racunko" */ = {
			isa = XCConfigurationList;
			buildConfigurations = (
				93B687AF2130312400591C4E /* Debug */,
				93B687B02130312400591C4E /* Release */,
			);
			defaultConfigurationIsVisible = 0;
			defaultConfigurationName = Release;
		};
/* End XCConfigurationList section */

/* Begin XCVersionGroup section */
		9380B6912148F5DF00C39838 /* Invoice.xcdatamodeld */ = {
			isa = XCVersionGroup;
			children = (
				9380B6922148F5DF00C39838 /* Invoice.xcdatamodel */,
			);
			currentVersion = 9380B6922148F5DF00C39838 /* Invoice.xcdatamodel */;
			path = Invoice.xcdatamodeld;
			sourceTree = "<group>";
			versionGroupType = wrapper.xcdatamodel;
		};
/* End XCVersionGroup section */
	};
	rootObject = 93B687942130312300591C4E /* Project object */;
}
